<?xml version="1.0" encoding="utf-8"?>
<Project ToolsVersion="4.0" xmlns="http://schemas.microsoft.com/developer/msbuild/2003">
  <ItemGroup>
    <Filter Include="Source Files">
      <UniqueIdentifier>{4FC737F1-C7A5-4376-A066-2A32D752A2FF}</UniqueIdentifier>
      <Extensions>cpp;c;cc;cxx;def;odl;idl;hpj;bat;asm;asmx</Extensions>
    </Filter>
    <Filter Include="Header Files">
      <UniqueIdentifier>{93995380-89BD-4b04-88EB-625FBE52EBFB}</UniqueIdentifier>
      <Extensions>h;hh;hpp;hxx;hm;inl;inc;xsd</Extensions>
    </Filter>
    <Filter Include="Resource Files">
      <UniqueIdentifier>{67DA6AB6-F800-4c08-8B7A-83BB121AAD01}</UniqueIdentifier>
      <Extensions>rc;ico;cur;bmp;dlg;rc2;rct;bin;rgs;gif;jpg;jpeg;jpe;resx;tiff;tif;png;wav;mfcribbon-ms</Extensions>
    </Filter>
    <Filter Include="Header Files\Encryption">
      <UniqueIdentifier>{13512deb-5b2b-4301-9412-ef628ef0df7a}</UniqueIdentifier>
    </Filter>
    <Filter Include="Header Files\Files">
      <UniqueIdentifier>{53b15e7d-66cf-45cc-b262-f2597d6a1c4d}</UniqueIdentifier>
    </Filter>
    <Filter Include="Header Files\Hasing">
      <UniqueIdentifier>{b91fb9f8-843b-4f59-a25d-222c1987acc3}</UniqueIdentifier>
    </Filter>
    <Filter Include="Header Files\DataModels">
      <UniqueIdentifier>{0673d697-8134-4a2b-a916-bd0c13b523d4}</UniqueIdentifier>
    </Filter>
    <Filter Include="Source Files\Encryption">
      <UniqueIdentifier>{859098a5-4032-4985-8f08-fabbc06805e4}</UniqueIdentifier>
    </Filter>
    <Filter Include="Source Files\Files">
      <UniqueIdentifier>{602cb5ef-26ed-47f2-b535-25f22927616f}</UniqueIdentifier>
    </Filter>
    <Filter Include="Source Files\Hashing">
      <UniqueIdentifier>{23781f64-9aea-4212-8444-78c0f80643d3}</UniqueIdentifier>
    </Filter>
    <Filter Include="Source Files\DataModels">
      <UniqueIdentifier>{eda4cdc3-ad45-439d-9383-22ab227baed0}</UniqueIdentifier>
    </Filter>
    <Filter Include="Header Files\AWS">
      <UniqueIdentifier>{e65bc162-8237-424d-81e8-0d1192623a81}</UniqueIdentifier>
    </Filter>
    <Filter Include="Source Files\AWS">
      <UniqueIdentifier>{4a7c0f15-ef77-4872-b895-3432b4a08a09}</UniqueIdentifier>
    </Filter>
  </ItemGroup>
  <ItemGroup>
    <ClInclude Include="stdafx.h">
      <Filter>Header Files</Filter>
    </ClInclude>
    <ClInclude Include="targetver.h">
      <Filter>Header Files</Filter>
    </ClInclude>
    <ClInclude Include="Base64.h">
      <Filter>Header Files</Filter>
    </ClInclude>
    <ClInclude Include="Properties.h">
      <Filter>Header Files</Filter>
    </ClInclude>
    <ClInclude Include="AESEncryptManager.h">
      <Filter>Header Files\Encryption</Filter>
    </ClInclude>
    <ClInclude Include="DESedeEncryptManager.h">
      <Filter>Header Files\Encryption</Filter>
    </ClInclude>
    <ClInclude Include="EncAlgorithm.h">
      <Filter>Header Files\Encryption</Filter>
    </ClInclude>
    <ClInclude Include="EncryptManager.h">
      <Filter>Header Files\Encryption</Filter>
    </ClInclude>
    <ClInclude Include="FileReader.h">
      <Filter>Header Files\Files</Filter>
    </ClInclude>
    <ClInclude Include="FileWriter.h">
      <Filter>Header Files\Files</Filter>
    </ClInclude>
    <ClInclude Include="BcryptHashManager.h">
      <Filter>Header Files\Hasing</Filter>
    </ClInclude>
    <ClInclude Include="HashManager.h">
      <Filter>Header Files\Hasing</Filter>
    </ClInclude>
    <ClInclude Include="Database.h">
      <Filter>Header Files\DataModels</Filter>
    </ClInclude>
    <ClInclude Include="Environment.h">
      <Filter>Header Files\DataModels</Filter>
    </ClInclude>
    <ClInclude Include="Instance.h">
      <Filter>Header Files\DataModels</Filter>
    </ClInclude>
    <ClInclude Include="Region.h">
      <Filter>Header Files\DataModels</Filter>
    </ClInclude>
    <ClInclude Include="S3Bucket.h">
      <Filter>Header Files\DataModels</Filter>
    </ClInclude>
    <ClInclude Include="ServerProvider.h">
      <Filter>Header Files\DataModels</Filter>
    </ClInclude>
    <ClInclude Include="S3Manager.h">
      <Filter>Header Files\AWS</Filter>
    </ClInclude>
    <ClInclude Include="resource.h">
      <Filter>Header Files</Filter>
    </ClInclude>
    <ClInclude Include="DesWeakKeyException.h">
      <Filter>Header Files</Filter>
    </ClInclude>
    <ClInclude Include="ConfigOptions.h">
      <Filter>Header Files</Filter>
    </ClInclude>
  </ItemGroup>
  <ItemGroup>
    <ClCompile Include="stdafx.cpp">
      <Filter>Source Files</Filter>
    </ClCompile>
    <ClCompile Include="ITManager.cpp">
      <Filter>Source Files</Filter>
    </ClCompile>
    <ClCompile Include="Base64.cpp">
      <Filter>Source Files</Filter>
    </ClCompile>
    <ClCompile Include="Properties.cpp">
      <Filter>Source Files</Filter>
    </ClCompile>
    <ClCompile Include="AESEncryptManager.cpp">
      <Filter>Source Files\Encryption</Filter>
    </ClCompile>
    <ClCompile Include="DESedeEncryptManager.cpp">
      <Filter>Source Files\Encryption</Filter>
    </ClCompile>
    <ClCompile Include="EncryptManager.cpp">
      <Filter>Source Files\Encryption</Filter>
    </ClCompile>
    <ClCompile Include="BcryptHashManager.cpp">
      <Filter>Source Files\Hashing</Filter>
    </ClCompile>
    <ClCompile Include="Environment.cpp">
      <Filter>Source Files\DataModels</Filter>
    </ClCompile>
    <ClCompile Include="Database.cpp">
      <Filter>Source Files\DataModels</Filter>
    </ClCompile>
    <ClCompile Include="FileWriter.cpp">
      <Filter>Source Files\Files</Filter>
    </ClCompile>
    <ClCompile Include="FileReader.cpp">
      <Filter>Source Files\Files</Filter>
    </ClCompile>
    <ClCompile Include="HashManager.cpp">
      <Filter>Source Files\Hashing</Filter>
    </ClCompile>
    <ClCompile Include="Instance.cpp">
      <Filter>Source Files\DataModels</Filter>
    </ClCompile>
    <ClCompile Include="Region.cpp">
      <Filter>Source Files\DataModels</Filter>
    </ClCompile>
    <ClCompile Include="S3Bucket.cpp">
      <Filter>Source Files\DataModels</Filter>
    </ClCompile>
    <ClCompile Include="ServerProvider.cpp">
      <Filter>Source Files\DataModels</Filter>
    </ClCompile>
    <ClCompile Include="S3Manager.cpp">
      <Filter>Source Files\AWS</Filter>
    </ClCompile>
    <ClCompile Include="DesWeakKeyException.cpp">
      <Filter>Source Files</Filter>
    </ClCompile>
    <ClCompile Include="ConfigOptions.cpp">
      <Filter>Source Files</Filter>
    </ClCompile>
  </ItemGroup>
  <ItemGroup>
    <ResourceCompile Include="ITManager.rc">
      <Filter>Resource Files</Filter>
    </ResourceCompile>
  </ItemGroup>
</Project>